// !$*UTF8*$!
{
	archiveVersion = 1;
	classes = {
	};
	objectVersion = 55;
	objects = {

/* Begin PBXBuildFile section */
		950C99E629A7F7EF0011D9FE /* URLBuilder.swift in Sources */ = {isa = PBXBuildFile; fileRef = 950C99E529A7F7EF0011D9FE /* URLBuilder.swift */; };
		950C99EE29A80C3B0011D9FE /* Post.swift in Sources */ = {isa = PBXBuildFile; fileRef = 950C99ED29A80C3B0011D9FE /* Post.swift */; };
		950C99F229A827EC0011D9FE /* JSONDecoderX.swift in Sources */ = {isa = PBXBuildFile; fileRef = 950C99F129A827EC0011D9FE /* JSONDecoderX.swift */; };
		958D809029A749F200241DFB /* AppDelegate.swift in Sources */ = {isa = PBXBuildFile; fileRef = 958D808F29A749F200241DFB /* AppDelegate.swift */; };
		958D809229A749F200241DFB /* SceneDelegate.swift in Sources */ = {isa = PBXBuildFile; fileRef = 958D809129A749F200241DFB /* SceneDelegate.swift */; };
		958D809429A749F200241DFB /* ViewController.swift in Sources */ = {isa = PBXBuildFile; fileRef = 958D809329A749F200241DFB /* ViewController.swift */; };
		958D809729A749F200241DFB /* Main.storyboard in Resources */ = {isa = PBXBuildFile; fileRef = 958D809529A749F200241DFB /* Main.storyboard */; };
		958D809929A749F800241DFB /* Assets.xcassets in Resources */ = {isa = PBXBuildFile; fileRef = 958D809829A749F800241DFB /* Assets.xcassets */; };
		958D809C29A749F800241DFB /* LaunchScreen.storyboard in Resources */ = {isa = PBXBuildFile; fileRef = 958D809A29A749F800241DFB /* LaunchScreen.storyboard */; };
		959716A329B0E18F00D8C39B /* DataLoader.swift in Sources */ = {isa = PBXBuildFile; fileRef = 959716A229B0E18F00D8C39B /* DataLoader.swift */; };
		959716A529B10B0A00D8C39B /* PostDetailsViewController.swift in Sources */ = {isa = PBXBuildFile; fileRef = 959716A429B10B0A00D8C39B /* PostDetailsViewController.swift */; };
		959D342429A8C102002EE530 /* PostManager.swift in Sources */ = {isa = PBXBuildFile; fileRef = 959D342329A8C102002EE530 /* PostManager.swift */; };
		95A0662E29A8ACB5008D2430 /* SDWebImage in Frameworks */ = {isa = PBXBuildFile; productRef = 95A0662D29A8ACB5008D2430 /* SDWebImage */; };
		95A0663029A8ACB5008D2430 /* SDWebImageMapKit in Frameworks */ = {isa = PBXBuildFile; productRef = 95A0662F29A8ACB5008D2430 /* SDWebImageMapKit */; };
		95B8FDCF29AFBF70005B7735 /* PostView.swift in Sources */ = {isa = PBXBuildFile; fileRef = 95B8FDCE29AFBF70005B7735 /* PostView.swift */; };
		95B8FDD229AFBFD6005B7735 /* PostView.xib in Resources */ = {isa = PBXBuildFile; fileRef = 95B8FDD129AFBFD6005B7735 /* PostView.xib */; };
		95C742EE29AFD97B00D10D82 /* PostCell.swift in Sources */ = {isa = PBXBuildFile; fileRef = 95C742ED29AFD97B00D10D82 /* PostCell.swift */; };
		95C742F029AFDDD800D10D82 /* PostListViewController.swift in Sources */ = {isa = PBXBuildFile; fileRef = 95C742EF29AFDDD800D10D82 /* PostListViewController.swift */; };
/* End PBXBuildFile section */

/* Begin PBXFileReference section */
		950C99E529A7F7EF0011D9FE /* URLBuilder.swift */ = {isa = PBXFileReference; lastKnownFileType = sourcecode.swift; path = URLBuilder.swift; sourceTree = "<group>"; };
		950C99ED29A80C3B0011D9FE /* Post.swift */ = {isa = PBXFileReference; lastKnownFileType = sourcecode.swift; path = Post.swift; sourceTree = "<group>"; };
		950C99F129A827EC0011D9FE /* JSONDecoderX.swift */ = {isa = PBXFileReference; lastKnownFileType = sourcecode.swift; path = JSONDecoderX.swift; sourceTree = "<group>"; };
		958D808C29A749F200241DFB /* RedditApp.app */ = {isa = PBXFileReference; explicitFileType = wrapper.application; includeInIndex = 0; path = RedditApp.app; sourceTree = BUILT_PRODUCTS_DIR; };
		958D808F29A749F200241DFB /* AppDelegate.swift */ = {isa = PBXFileReference; lastKnownFileType = sourcecode.swift; path = AppDelegate.swift; sourceTree = "<group>"; };
		958D809129A749F200241DFB /* SceneDelegate.swift */ = {isa = PBXFileReference; lastKnownFileType = sourcecode.swift; path = SceneDelegate.swift; sourceTree = "<group>"; };
		958D809329A749F200241DFB /* ViewController.swift */ = {isa = PBXFileReference; lastKnownFileType = sourcecode.swift; path = ViewController.swift; sourceTree = "<group>"; };
		958D809629A749F200241DFB /* Base */ = {isa = PBXFileReference; lastKnownFileType = file.storyboard; name = Base; path = Base.lproj/Main.storyboard; sourceTree = "<group>"; };
		958D809829A749F800241DFB /* Assets.xcassets */ = {isa = PBXFileReference; lastKnownFileType = folder.assetcatalog; path = Assets.xcassets; sourceTree = "<group>"; };
		958D809B29A749F800241DFB /* Base */ = {isa = PBXFileReference; lastKnownFileType = file.storyboard; name = Base; path = Base.lproj/LaunchScreen.storyboard; sourceTree = "<group>"; };
		958D809D29A749F800241DFB /* Info.plist */ = {isa = PBXFileReference; lastKnownFileType = text.plist.xml; path = Info.plist; sourceTree = "<group>"; };
		959716A229B0E18F00D8C39B /* DataLoader.swift */ = {isa = PBXFileReference; lastKnownFileType = sourcecode.swift; path = DataLoader.swift; sourceTree = "<group>"; };
		959716A429B10B0A00D8C39B /* PostDetailsViewController.swift */ = {isa = PBXFileReference; lastKnownFileType = sourcecode.swift; path = PostDetailsViewController.swift; sourceTree = "<group>"; };
		959D342329A8C102002EE530 /* PostManager.swift */ = {isa = PBXFileReference; lastKnownFileType = sourcecode.swift; path = PostManager.swift; sourceTree = "<group>"; };
		95B8FDCE29AFBF70005B7735 /* PostView.swift */ = {isa = PBXFileReference; lastKnownFileType = sourcecode.swift; path = PostView.swift; sourceTree = "<group>"; };
		95B8FDD129AFBFD6005B7735 /* PostView.xib */ = {isa = PBXFileReference; lastKnownFileType = file.xib; path = PostView.xib; sourceTree = "<group>"; };
		95C742ED29AFD97B00D10D82 /* PostCell.swift */ = {isa = PBXFileReference; lastKnownFileType = sourcecode.swift; path = PostCell.swift; sourceTree = "<group>"; };
		95C742EF29AFDDD800D10D82 /* PostListViewController.swift */ = {isa = PBXFileReference; lastKnownFileType = sourcecode.swift; path = PostListViewController.swift; sourceTree = "<group>"; };
/* End PBXFileReference section */

/* Begin PBXFrameworksBuildPhase section */
		958D808929A749F200241DFB /* Frameworks */ = {
			isa = PBXFrameworksBuildPhase;
			buildActionMask = 2147483647;
			files = (
				95A0663029A8ACB5008D2430 /* SDWebImageMapKit in Frameworks */,
				95A0662E29A8ACB5008D2430 /* SDWebImage in Frameworks */,
			);
			runOnlyForDeploymentPostprocessing = 0;
		};
/* End PBXFrameworksBuildPhase section */

/* Begin PBXGroup section */
		950C99E929A80AC00011D9FE /* services */ = {
			isa = PBXGroup;
			children = (
				950C99E529A7F7EF0011D9FE /* URLBuilder.swift */,
				959716A229B0E18F00D8C39B /* DataLoader.swift */,
				959D342329A8C102002EE530 /* PostManager.swift */,
				950C99F129A827EC0011D9FE /* JSONDecoderX.swift */,
			);
			path = services;
			sourceTree = "<group>";
		};
		950C99EC29A80C180011D9FE /* models */ = {
			isa = PBXGroup;
			children = (
				950C99ED29A80C3B0011D9FE /* Post.swift */,
			);
			path = models;
			sourceTree = "<group>";
		};
		958D808329A749F200241DFB = {
			isa = PBXGroup;
			children = (
				958D808E29A749F200241DFB /* RedditApp */,
				958D808D29A749F200241DFB /* Products */,
			);
			sourceTree = "<group>";
		};
		958D808D29A749F200241DFB /* Products */ = {
			isa = PBXGroup;
			children = (
				958D808C29A749F200241DFB /* RedditApp.app */,
			);
			name = Products;
			sourceTree = "<group>";
		};
		958D808E29A749F200241DFB /* RedditApp */ = {
			isa = PBXGroup;
			children = (
				95C742F129AFDE2900D10D82 /* controllers */,
				95B8FDD029AFBFA5005B7735 /* templates */,
				95B8FDCD29AFBEFF005B7735 /* views */,
				958D808F29A749F200241DFB /* AppDelegate.swift */,
				958D809129A749F200241DFB /* SceneDelegate.swift */,
				950C99EC29A80C180011D9FE /* models */,
				950C99E929A80AC00011D9FE /* services */,
				958D809529A749F200241DFB /* Main.storyboard */,
				958D809829A749F800241DFB /* Assets.xcassets */,
				958D809A29A749F800241DFB /* LaunchScreen.storyboard */,
				958D809D29A749F800241DFB /* Info.plist */,
			);
			path = RedditApp;
			sourceTree = "<group>";
		};
		95B8FDCD29AFBEFF005B7735 /* views */ = {
			isa = PBXGroup;
			children = (
				95B8FDCE29AFBF70005B7735 /* PostView.swift */,
				95C742ED29AFD97B00D10D82 /* PostCell.swift */,
			);
			path = views;
			sourceTree = "<group>";
		};
		95B8FDD029AFBFA5005B7735 /* templates */ = {
			isa = PBXGroup;
			children = (
				95B8FDD129AFBFD6005B7735 /* PostView.xib */,
			);
			path = templates;
			sourceTree = "<group>";
		};
		95C742F129AFDE2900D10D82 /* controllers */ = {
			isa = PBXGroup;
			children = (
				958D809329A749F200241DFB /* ViewController.swift */,
				959716A429B10B0A00D8C39B /* PostDetailsViewController.swift */,
				95C742EF29AFDDD800D10D82 /* PostListViewController.swift */,
			);
			path = controllers;
			sourceTree = "<group>";
		};
/* End PBXGroup section */

/* Begin PBXNativeTarget section */
		958D808B29A749F200241DFB /* RedditApp */ = {
			isa = PBXNativeTarget;
			buildConfigurationList = 958D80A029A749F800241DFB /* Build configuration list for PBXNativeTarget "RedditApp" */;
			buildPhases = (
				958D808829A749F200241DFB /* Sources */,
				958D808929A749F200241DFB /* Frameworks */,
				958D808A29A749F200241DFB /* Resources */,
			);
			buildRules = (
			);
			dependencies = (
			);
			name = RedditApp;
			packageProductDependencies = (
				95A0662D29A8ACB5008D2430 /* SDWebImage */,
				95A0662F29A8ACB5008D2430 /* SDWebImageMapKit */,
			);
			productName = RedditApp;
			productReference = 958D808C29A749F200241DFB /* RedditApp.app */;
			productType = "com.apple.product-type.application";
		};
/* End PBXNativeTarget section */

/* Begin PBXProject section */
		958D808429A749F200241DFB /* Project object */ = {
			isa = PBXProject;
			attributes = {
				BuildIndependentTargetsInParallel = 1;
				LastSwiftUpdateCheck = 1340;
				LastUpgradeCheck = 1340;
				TargetAttributes = {
					958D808B29A749F200241DFB = {
						CreatedOnToolsVersion = 13.4.1;
					};
				};
			};
			buildConfigurationList = 958D808729A749F200241DFB /* Build configuration list for PBXProject "RedditApp" */;
			compatibilityVersion = "Xcode 13.0";
			developmentRegion = en;
			hasScannedForEncodings = 0;
			knownRegions = (
				en,
				Base,
			);
			mainGroup = 958D808329A749F200241DFB;
			packageReferences = (
				95A0662C29A8ACB5008D2430 /* XCRemoteSwiftPackageReference "SDWebImage" */,
			);
			productRefGroup = 958D808D29A749F200241DFB /* Products */;
			projectDirPath = "";
			projectRoot = "";
			targets = (
				958D808B29A749F200241DFB /* RedditApp */,
			);
		};
/* End PBXProject section */

/* Begin PBXResourcesBuildPhase section */
		958D808A29A749F200241DFB /* Resources */ = {
			isa = PBXResourcesBuildPhase;
			buildActionMask = 2147483647;
			files = (
				958D809C29A749F800241DFB /* LaunchScreen.storyboard in Resources */,
				958D809929A749F800241DFB /* Assets.xcassets in Resources */,
				95B8FDD229AFBFD6005B7735 /* PostView.xib in Resources */,
				958D809729A749F200241DFB /* Main.storyboard in Resources */,
			);
			runOnlyForDeploymentPostprocessing = 0;
		};
/* End PBXResourcesBuildPhase section */

/* Begin PBXSourcesBuildPhase section */
		958D808829A749F200241DFB /* Sources */ = {
			isa = PBXSourcesBuildPhase;
			buildActionMask = 2147483647;
			files = (
				959716A329B0E18F00D8C39B /* DataLoader.swift in Sources */,
				958D809429A749F200241DFB /* ViewController.swift in Sources */,
				950C99E629A7F7EF0011D9FE /* URLBuilder.swift in Sources */,
				95B8FDCF29AFBF70005B7735 /* PostView.swift in Sources */,
				950C99EE29A80C3B0011D9FE /* Post.swift in Sources */,
				950C99F229A827EC0011D9FE /* JSONDecoderX.swift in Sources */,
				95C742EE29AFD97B00D10D82 /* PostCell.swift in Sources */,
				95C742F029AFDDD800D10D82 /* PostListViewController.swift in Sources */,
				959D342429A8C102002EE530 /* PostManager.swift in Sources */,
				959716A529B10B0A00D8C39B /* PostDetailsViewController.swift in Sources */,
				958D809029A749F200241DFB /* AppDelegate.swift in Sources */,
				958D809229A749F200241DFB /* SceneDelegate.swift in Sources */,
			);
			runOnlyForDeploymentPostprocessing = 0;
		};
/* End PBXSourcesBuildPhase section */

/* Begin PBXVariantGroup section */
		958D809529A749F200241DFB /* Main.storyboard */ = {
			isa = PBXVariantGroup;
			children = (
				958D809629A749F200241DFB /* Base */,
			);
			name = Main.storyboard;
			sourceTree = "<group>";
		};
		958D809A29A749F800241DFB /* LaunchScreen.storyboard */ = {
			isa = PBXVariantGroup;
			children = (
				958D809B29A749F800241DFB /* Base */,
			);
			name = LaunchScreen.storyboard;
			sourceTree = "<group>";
		};
/* End PBXVariantGroup section */

/* Begin XCBuildConfiguration section */
		958D809E29A749F800241DFB /* Debug */ = {
			isa = XCBuildConfiguration;
			buildSettings = {
				ALWAYS_SEARCH_USER_PATHS = NO;
				CLANG_ANALYZER_NONNULL = YES;
				CLANG_ANALYZER_NUMBER_OBJECT_CONVERSION = YES_AGGRESSIVE;
				CLANG_CXX_LANGUAGE_STANDARD = "gnu++17";
				CLANG_ENABLE_MODULES = YES;
				CLANG_ENABLE_OBJC_ARC = YES;
				CLANG_ENABLE_OBJC_WEAK = YES;
				CLANG_WARN_BLOCK_CAPTURE_AUTORELEASING = YES;
				CLANG_WARN_BOOL_CONVERSION = YES;
				CLANG_WARN_COMMA = YES;
				CLANG_WARN_CONSTANT_CONVERSION = YES;
				CLANG_WARN_DEPRECATED_OBJC_IMPLEMENTATIONS = YES;
				CLANG_WARN_DIRECT_OBJC_ISA_USAGE = YES_ERROR;
				CLANG_WARN_DOCUMENTATION_COMMENTS = YES;
				CLANG_WARN_EMPTY_BODY = YES;
				CLANG_WARN_ENUM_CONVERSION = YES;
				CLANG_WARN_INFINITE_RECURSION = YES;
				CLANG_WARN_INT_CONVERSION = YES;
				CLANG_WARN_NON_LITERAL_NULL_CONVERSION = YES;
				CLANG_WARN_OBJC_IMPLICIT_RETAIN_SELF = YES;
				CLANG_WARN_OBJC_LITERAL_CONVERSION = YES;
				CLANG_WARN_OBJC_ROOT_CLASS = YES_ERROR;
				CLANG_WARN_QUOTED_INCLUDE_IN_FRAMEWORK_HEADER = YES;
				CLANG_WARN_RANGE_LOOP_ANALYSIS = YES;
				CLANG_WARN_STRICT_PROTOTYPES = YES;
				CLANG_WARN_SUSPICIOUS_MOVE = YES;
				CLANG_WARN_UNGUARDED_AVAILABILITY = YES_AGGRESSIVE;
				CLANG_WARN_UNREACHABLE_CODE = YES;
				CLANG_WARN__DUPLICATE_METHOD_MATCH = YES;
				COPY_PHASE_STRIP = NO;
				DEBUG_INFORMATION_FORMAT = dwarf;
				ENABLE_STRICT_OBJC_MSGSEND = YES;
				ENABLE_TESTABILITY = YES;
				GCC_C_LANGUAGE_STANDARD = gnu11;
				GCC_DYNAMIC_NO_PIC = NO;
				GCC_NO_COMMON_BLOCKS = YES;
				GCC_OPTIMIZATION_LEVEL = 0;
				GCC_PREPROCESSOR_DEFINITIONS = (
					"DEBUG=1",
					"$(inherited)",
				);
				GCC_WARN_64_TO_32_BIT_CONVERSION = YES;
				GCC_WARN_ABOUT_RETURN_TYPE = YES_ERROR;
				GCC_WARN_UNDECLARED_SELECTOR = YES;
				GCC_WARN_UNINITIALIZED_AUTOS = YES_AGGRESSIVE;
				GCC_WARN_UNUSED_FUNCTION = YES;
				GCC_WARN_UNUSED_VARIABLE = YES;
				IPHONEOS_DEPLOYMENT_TARGET = 15.5;
				MTL_ENABLE_DEBUG_INFO = INCLUDE_SOURCE;
				MTL_FAST_MATH = YES;
				ONLY_ACTIVE_ARCH = YES;
				SDKROOT = iphoneos;
				SWIFT_ACTIVE_COMPILATION_CONDITIONS = DEBUG;
				SWIFT_OPTIMIZATION_LEVEL = "-Onone";
			};
			name = Debug;
		};
		958D809F29A749F800241DFB /* Release */ = {
			isa = XCBuildConfiguration;
			buildSettings = {
				ALWAYS_SEARCH_USER_PATHS = NO;
				CLANG_ANALYZER_NONNULL = YES;
				CLANG_ANALYZER_NUMBER_OBJECT_CONVERSION = YES_AGGRESSIVE;
				CLANG_CXX_LANGUAGE_STANDARD = "gnu++17";
				CLANG_ENABLE_MODULES = YES;
				CLANG_ENABLE_OBJC_ARC = YES;
				CLANG_ENABLE_OBJC_WEAK = YES;
				CLANG_WARN_BLOCK_CAPTURE_AUTORELEASING = YES;
				CLANG_WARN_BOOL_CONVERSION = YES;
				CLANG_WARN_COMMA = YES;
				CLANG_WARN_CONSTANT_CONVERSION = YES;
				CLANG_WARN_DEPRECATED_OBJC_IMPLEMENTATIONS = YES;
				CLANG_WARN_DIRECT_OBJC_ISA_USAGE = YES_ERROR;
				CLANG_WARN_DOCUMENTATION_COMMENTS = YES;
				CLANG_WARN_EMPTY_BODY = YES;
				CLANG_WARN_ENUM_CONVERSION = YES;
				CLANG_WARN_INFINITE_RECURSION = YES;
				CLANG_WARN_INT_CONVERSION = YES;
				CLANG_WARN_NON_LITERAL_NULL_CONVERSION = YES;
				CLANG_WARN_OBJC_IMPLICIT_RETAIN_SELF = YES;
				CLANG_WARN_OBJC_LITERAL_CONVERSION = YES;
				CLANG_WARN_OBJC_ROOT_CLASS = YES_ERROR;
				CLANG_WARN_QUOTED_INCLUDE_IN_FRAMEWORK_HEADER = YES;
				CLANG_WARN_RANGE_LOOP_ANALYSIS = YES;
				CLANG_WARN_STRICT_PROTOTYPES = YES;
				CLANG_WARN_SUSPICIOUS_MOVE = YES;
				CLANG_WARN_UNGUARDED_AVAILABILITY = YES_AGGRESSIVE;
				CLANG_WARN_UNREACHABLE_CODE = YES;
				CLANG_WARN__DUPLICATE_METHOD_MATCH = YES;
				COPY_PHASE_STRIP = NO;
				DEBUG_INFORMATION_FORMAT = "dwarf-with-dsym";
				ENABLE_NS_ASSERTIONS = NO;
				ENABLE_STRICT_OBJC_MSGSEND = YES;
				GCC_C_LANGUAGE_STANDARD = gnu11;
				GCC_NO_COMMON_BLOCKS = YES;
				GCC_WARN_64_TO_32_BIT_CONVERSION = YES;
				GCC_WARN_ABOUT_RETURN_TYPE = YES_ERROR;
				GCC_WARN_UNDECLARED_SELECTOR = YES;
				GCC_WARN_UNINITIALIZED_AUTOS = YES_AGGRESSIVE;
				GCC_WARN_UNUSED_FUNCTION = YES;
				GCC_WARN_UNUSED_VARIABLE = YES;
				IPHONEOS_DEPLOYMENT_TARGET = 15.5;
				MTL_ENABLE_DEBUG_INFO = NO;
				MTL_FAST_MATH = YES;
				SDKROOT = iphoneos;
				SWIFT_COMPILATION_MODE = wholemodule;
				SWIFT_OPTIMIZATION_LEVEL = "-O";
				VALIDATE_PRODUCT = YES;
			};
			name = Release;
		};
		958D80A129A749F800241DFB /* Debug */ = {
			isa = XCBuildConfiguration;
			buildSettings = {
				ASSETCATALOG_COMPILER_APPICON_NAME = AppIcon;
				ASSETCATALOG_COMPILER_GLOBAL_ACCENT_COLOR_NAME = AccentColor;
				CODE_SIGN_STYLE = Automatic;
				CURRENT_PROJECT_VERSION = 1;
				DEVELOPMENT_TEAM = VNU8KKW4GG;
				GENERATE_INFOPLIST_FILE = YES;
				INFOPLIST_FILE = RedditApp/Info.plist;
				INFOPLIST_KEY_UIApplicationSupportsIndirectInputEvents = YES;
				INFOPLIST_KEY_UILaunchStoryboardName = LaunchScreen;
				INFOPLIST_KEY_UIMainStoryboardFile = Main;
				INFOPLIST_KEY_UISupportedInterfaceOrientations_iPad = "UIInterfaceOrientationPortrait UIInterfaceOrientationPortraitUpsideDown UIInterfaceOrientationLandscapeLeft UIInterfaceOrientationLandscapeRight";
				INFOPLIST_KEY_UISupportedInterfaceOrientations_iPhone = "UIInterfaceOrientationPortrait UIInterfaceOrientationLandscapeLeft UIInterfaceOrientationLandscapeRight";
				LD_RUNPATH_SEARCH_PATHS = (
					"$(inherited)",
					"@executable_path/Frameworks",
				);
				MARKETING_VERSION = 1.0;
				PRODUCT_BUNDLE_IDENTIFIER = ua.edu.ukma.sitkov.RedditApp;
				PRODUCT_NAME = "$(TARGET_NAME)";
				SWIFT_EMIT_LOC_STRINGS = YES;
				SWIFT_VERSION = 5.0;
				TARGETED_DEVICE_FAMILY = 1;
			};
			name = Debug;
		};
		958D80A229A749F800241DFB /* Release */ = {
			isa = XCBuildConfiguration;
			buildSettings = {
				ASSETCATALOG_COMPILER_APPICON_NAME = AppIcon;
				ASSETCATALOG_COMPILER_GLOBAL_ACCENT_COLOR_NAME = AccentColor;
				CODE_SIGN_STYLE = Automatic;
				CURRENT_PROJECT_VERSION = 1;
				DEVELOPMENT_TEAM = VNU8KKW4GG;
				GENERATE_INFOPLIST_FILE = YES;
				INFOPLIST_FILE = RedditApp/Info.plist;
				INFOPLIST_KEY_UIApplicationSupportsIndirectInputEvents = YES;
				INFOPLIST_KEY_UILaunchStoryboardName = LaunchScreen;
				INFOPLIST_KEY_UIMainStoryboardFile = Main;
				INFOPLIST_KEY_UISupportedInterfaceOrientations_iPad = "UIInterfaceOrientationPortrait UIInterfaceOrientationPortraitUpsideDown UIInterfaceOrientationLandscapeLeft UIInterfaceOrientationLandscapeRight";
				INFOPLIST_KEY_UISupportedInterfaceOrientations_iPhone = "UIInterfaceOrientationPortrait UIInterfaceOrientationLandscapeLeft UIInterfaceOrientationLandscapeRight";
				LD_RUNPATH_SEARCH_PATHS = (
					"$(inherited)",
					"@executable_path/Frameworks",
				);
				MARKETING_VERSION = 1.0;
				PRODUCT_BUNDLE_IDENTIFIER = ua.edu.ukma.sitkov.RedditApp;
				PRODUCT_NAME = "$(TARGET_NAME)";
				SWIFT_EMIT_LOC_STRINGS = YES;
				SWIFT_VERSION = 5.0;
				TARGETED_DEVICE_FAMILY = 1;
			};
			name = Release;
		};
/* End XCBuildConfiguration section */

/* Begin XCConfigurationList section */
		958D808729A749F200241DFB /* Build configuration list for PBXProject "RedditApp" */ = {
			isa = XCConfigurationList;
			buildConfigurations = (
				958D809E29A749F800241DFB /* Debug */,
				958D809F29A749F800241DFB /* Release */,
			);
			defaultConfigurationIsVisible = 0;
			defaultConfigurationName = Release;
		};
		958D80A029A749F800241DFB /* Build configuration list for PBXNativeTarget "RedditApp" */ = {
			isa = XCConfigurationList;
			buildConfigurations = (
				958D80A129A749F800241DFB /* Debug */,
				958D80A229A749F800241DFB /* Release */,
			);
			defaultConfigurationIsVisible = 0;
			defaultConfigurationName = Release;
		};
/* End XCConfigurationList section */

/* Begin XCRemoteSwiftPackageReference section */
		95A0662C29A8ACB5008D2430 /* XCRemoteSwiftPackageReference "SDWebImage" */ = {
			isa = XCRemoteSwiftPackageReference;
			repositoryURL = "https://github.com/SDWebImage/SDWebImage";
			requirement = {
				kind = upToNextMajorVersion;
				minimumVersion = 5.0.0;
			};
		};
/* End XCRemoteSwiftPackageReference section */

/* Begin XCSwiftPackageProductDependency section */
		95A0662D29A8ACB5008D2430 /* SDWebImage */ = {
			isa = XCSwiftPackageProductDependency;
			package = 95A0662C29A8ACB5008D2430 /* XCRemoteSwiftPackageReference "SDWebImage" */;
			productName = SDWebImage;
		};
		95A0662F29A8ACB5008D2430 /* SDWebImageMapKit */ = {
			isa = XCSwiftPackageProductDependency;
			package = 95A0662C29A8ACB5008D2430 /* XCRemoteSwiftPackageReference "SDWebImage" */;
			productName = SDWebImageMapKit;
		};
/* End XCSwiftPackageProductDependency section */
	};
	rootObject = 958D808429A749F200241DFB /* Project object */;
}
